
Microsoft Visual Studio Solution File, Format Version 12.00
# Visual Studio 15
Project("{FAE04EC0-301F-11D3-BF4B-00C04F79EFBC}") = "UnityEngine.UI", "UnityEngine.UI.csproj", "{8FD19B63-8F27-F7FA-B039-42CC8992B504}"
EndProject
Project("{FAE04EC0-301F-11D3-BF4B-00C04F79EFBC}") = "Assembly-CSharp", "Assembly-CSharp.csproj", "{BA82C59F-2269-A406-4FE9-531FAF65FD2B}"
EndProject
Project("{FAE04EC0-301F-11D3-BF4B-00C04F79EFBC}") = "UnityEditor.UI", "UnityEditor.UI.csproj", "{ABB40774-61C8-88B2-E106-229C5455BA0C}"
EndProject
Global
	GlobalSection(SolutionConfigurationPlatforms) = preSolution
		Debug|Any CPU = Debug|Any CPU
		Release|Any CPU = Release|Any CPU
	EndGlobalSection
	GlobalSection(ProjectConfigurationPlatforms) = postSolution
		{8FD19B63-8F27-F7FA-B039-42CC8992B504}.Debug|Any CPU.ActiveCfg = Debug|Any CPU
		{8FD19B63-8F27-F7FA-B039-42CC8992B504}.Debug|Any CPU.Build.0 = Debug|Any CPU
		{8FD19B63-8F27-F7FA-B039-42CC8992B504}.Release|Any CPU.ActiveCfg = Release|Any CPU
		{8FD19B63-8F27-F7FA-B039-42CC8992B504}.Release|Any CPU.Build.0 = Release|Any CPU
		{BA82C59F-2269-A406-4FE9-531FAF65FD2B}.Debug|Any CPU.ActiveCfg = Debug|Any CPU
		{BA82C59F-2269-A406-4FE9-531FAF65FD2B}.Debug|Any CPU.Build.0 = Debug|Any CPU
		{BA82C59F-2269-A406-4FE9-531FAF65FD2B}.Release|Any CPU.ActiveCfg = Release|Any CPU
		{BA82C59F-2269-A406-4FE9-531FAF65FD2B}.Release|Any CPU.Build.0 = Release|Any CPU
		{ABB40774-61C8-88B2-E106-229C5455BA0C}.Debug|Any CPU.ActiveCfg = Debug|Any CPU
		{ABB40774-61C8-88B2-E106-229C5455BA0C}.Debug|Any CPU.Build.0 = Debug|Any CPU
		{ABB40774-61C8-88B2-E106-229C5455BA0C}.Release|Any CPU.ActiveCfg = Release|Any CPU
		{ABB40774-61C8-88B2-E106-229C5455BA0C}.Release|Any CPU.Build.0 = Release|Any CPU
	EndGlobalSection
	GlobalSection(SolutionProperties) = preSolution
		HideSolutionNode = FALSE
	EndGlobalSection
EndGlobal
